{
  "name": "angular-js-xlsx",
  "version": "0.0.3",
  "lockfileVersion": 1,
  "requires": true,
  "dependencies": {
    "adler-32": {
      "version": "1.3.1",
      "resolved": "https://registry.npmjs.org/adler-32/-/adler-32-1.3.1.tgz",
      "integrity": "sha512-ynZ4w/nUUv5rrsR8UUGoe1VC9hZj6V5hU9Qw1HlMDJGEJw5S7TfTErWTjMys6M7vr0YWcPqs3qAr4ss0nDfP+A=="
    },
    "angular": {
      "version": "1.4.14",
      "resolved": "https://registry.npmjs.org/angular/-/angular-1.4.14.tgz",
      "integrity": "sha512-C7sWDna0j/RcDq0+aUhFPhkWqOS+8CSMPx7Mz0hmxOcu921GWwgD3zyDqTkLlOA+wxwh5ecmVyG1lggqvD+icQ=="
    },
    "cfb": {
      "version": "0.11.1",
      "resolved": "https://registry.npmjs.org/cfb/-/cfb-0.11.1.tgz",
      "integrity": "sha512-1GEqpcO365hTRpP+GzHXNiUF5SB7qmY5aVYwrJm8ISx27HzHpaFlTQhnOCMNhqP0WPkHR0OGE9WDSqtksV4anw==",
      "requires": {
        "commander": "^9.4.1"
      }
    },
    "codepage": {
      "version": "1.15.0",
      "resolved": "https://registry.npmjs.org/codepage/-/codepage-1.15.0.tgz",
      "integrity": "sha512-3g6NUTPd/YtuuGrhMnOMRjFc+LJw/bnMp3+0r/Wcz3IXUuCosKRJvMphm5+Q+bvTVGcJJuRvVLuYba+WojaFaA=="
    },
    "colors": {
      "version": "0.6.2",
      "resolved": "https://registry.npmjs.org/colors/-/colors-0.6.2.tgz",
      "integrity": "sha512-OsSVtHK8Ir8r3+Fxw/b4jS1ZLPXkV6ZxDRJQzeD7qo0SqMXWrHDM71DgYzPMHY8SFJ0Ao+nNU2p1MmwdzKqPrw=="
    },
    "commander": {
      "version": "9.4.1",
      "resolved": "https://registry.npmjs.org/commander/-/commander-9.4.1.tgz",
      "integrity": "sha512-5EEkTNyHNGFPD2H+c/dXXfQZYa/scCKasxWcXJaWnNJ99pnQN9Vnmqow+p+PlFPE63Q6mThaZws1T+HxfpgtPw=="
    },
    "crc-32": {
      "version": "1.2.2",
      "resolved": "https://registry.npmjs.org/crc-32/-/crc-32-1.2.2.tgz",
      "integrity": "sha512-ROmzCKrTnOwybPcJApAA6WBWij23HVfGVNKqqrZpuyZOHqK2CwHSvpGuyt/UNNvaIjEd8X5IFGp4Mh+Ie1IHJQ=="
    },
    "exit-on-epipe": {
      "version": "1.0.1",
      "resolved": "https://registry.npmjs.org/exit-on-epipe/-/exit-on-epipe-1.0.1.tgz",
      "integrity": "sha512-h2z5mrROTxce56S+pnvAV890uu7ls7f1kEvVGJbw1OlFH3/mlJ5bkXu0KRyW94v37zzHPiUd55iLn3DA7TjWpw=="
    },
    "frac": {
      "version": "0.3.1",
      "resolved": "https://registry.npmjs.org/frac/-/frac-0.3.1.tgz",
      "integrity": "sha512-1Lzf2jOjhIkRaa013KlxNOn2D9FemmQNeYUDpEIyPeFXmpLvbZXJOlaayMBT6JKXx+afQFgQ1QJ4kaF7Z07QFQ=="
    },
    "ssf": {
      "version": "0.8.2",
      "resolved": "https://registry.npmjs.org/ssf/-/ssf-0.8.2.tgz",
      "integrity": "sha512-+ZkFDAG+ImJ48DcZvabx6YTrZ67DKkM0kbyOOtH73mbUEvNhQWWgRZrHC8+k7GuGKWQnACYLi7bj0eCt1jmosQ==",
      "requires": {
        "colors": "0.6.2",
        "frac": "0.3.1",
        "voc": "^1.2.0"
      }
    },
    "voc": {
      "version": "1.2.0",
      "resolved": "https://registry.npmjs.org/voc/-/voc-1.2.0.tgz",
      "integrity": "sha512-BOuDjFFYvJdZO6e/N65AlaDItXo2TgyLjeyRYcqgAPkXpp5yTJcvkL2n+syO1r9Qc5g96tfBD2tuiMhYDmaGcA=="
    },
    "xlsx": {
      "version": "0.8.8",
      "resolved": "https://registry.npmjs.org/xlsx/-/xlsx-0.8.8.tgz",
      "integrity": "sha512-aNxJqlXJgzZtjxd4Qx+gCXeg/o3jNVPjHq7aQuhe2s8fmN8Z6Rqk4egQVQS7jX9L3u97X9LVWDmp9hq7zwoUeQ==",
      "requires": {
        "adler-32": "^1.3.1",
        "cfb": "~0.11.0",
        "codepage": "^1.15.0",
        "commander": "^9.4.1",
        "crc-32": "^1.2.2",
        "exit-on-epipe": "^1.0.1",
        "ssf": "~0.8.1"
      }
    }
  }
}
